
Microsoft Visual Studio Solution File, Format Version 12.00
# Visual Studio Version 16
VisualStudioVersion = 16.0.30907.101
MinimumVisualStudioVersion = 10.0.40219.1
Project("{9A19103F-16F7-4668-BE54-9A1E7A4F7556}") = "RoundTheCode.TicTacToe", "RoundTheCode.TicTacToe\RoundTheCode.TicTacToe.csproj", "{794E934C-C4DB-4F49-ACEC-1489D2D15C11}"
EndProject
Global
	GlobalSection(SolutionConfigurationPlatforms) = preSolution
		Debug|Any CPU = Debug|Any CPU
		Release|Any CPU = Release|Any CPU
	EndGlobalSection
	GlobalSection(ProjectConfigurationPlatforms) = postSolution
		{794E934C-C4DB-4F49-ACEC-1489D2D15C11}.Debug|Any CPU.ActiveCfg = Debug|Any CPU
		{794E934C-C4DB-4F49-ACEC-1489D2D15C11}.Debug|Any CPU.Build.0 = Debug|Any CPU
		{794E934C-C4DB-4F49-ACEC-1489D2D15C11}.Release|Any CPU.ActiveCfg = Release|Any CPU
		{794E934C-C4DB-4F49-ACEC-1489D2D15C11}.Release|Any CPU.Build.0 = Release|Any CPU
	EndGlobalSection
	GlobalSection(SolutionProperties) = preSolution
		HideSolutionNode = FALSE
	EndGlobalSection
	GlobalSection(ExtensibilityGlobals) = postSolution
		SolutionGuid = {DD103405-D558-4656-8E4F-82009C9B3822}
	EndGlobalSection
EndGlobal
